github.com/HimbeerserverDE/srp v0.0.0 h1:Iy2GIF7DJphXXO9NjncLEBO6VsZd8Yhrlxl/qTr09eE=
github.com/HimbeerserverDE/srp v0.0.0/go.mod h1:pxNH8S2nh4n2DWE0ToX5GnnDr/uEAuaAhJsCpkDLIWw=
github.com/beefsack/go-astar v0.0.0-20200827232313-4ecf9e304482 h1:p4g4uok3+r6Tg6fxXEQUAcMAX/WdK6WhkQW9s0jaT7k=
github.com/beefsack/go-astar v0.0.0-20200827232313-4ecf9e304482/go.mod h1:Cu3t5VeqE8kXjUBeNXWQprfuaP5UCIc5ggGjgMx9KFc=
github.com/dragonfireclient/mt v0.0.1 h1:iX6pW8L20orCrAYQTa+ADdm6OdNvIyP7Mev6VadQ1z8=
github.com/dragonfireclient/mt v0.0.1/go.mod h1:3oHbcSQytW21mTF7ozw3Il3UzdOAG30gPzO2XUAqvGs=
github.com/klauspost/compress v1.15.5 h1:qyCLMz2JCrKADihKOh9FxnW3houKeNsp2h5OEz0QSEA=
github.com/klauspost/compress v1.15.5/go.mod h1:PhcZ0MbTNciWF3rruxRgKxI5NkcHHrHUDtV4Yw2GlzU=
github.com/yuin/gopher-lua v0.0.0-20220504180219-658193537a64 h1:5mLPGnFdSsevFRFc9q3yYbBkB6tsm4aCwwQV/j1JQAQ=
github.com/yuin/gopher-lua v0.0.0-20220504180219-658193537a64/go.mod h1:GBR0iDaNXjAgGg9zfCvksxSRnQx76gclCIb7kdAd1Pw=
